// !$*UTF8*$!
{
	archiveVersion = 1;
	classes = {
	};
	objectVersion = 56;
	objects = {

/* Begin PBXBuildFile section */
		848576712C1EB4190000DC8D /* ToDoView.swift in Sources */ = {isa = PBXBuildFile; fileRef = 848576702C1EB4190000DC8D /* ToDoView.swift */; };
		848576752C1EB4A70000DC8D /* TodoRowItem.swift in Sources */ = {isa = PBXBuildFile; fileRef = 848576742C1EB4A70000DC8D /* TodoRowItem.swift */; };
		848576772C1EB4B90000DC8D /* TodoIteam.swift in Sources */ = {isa = PBXBuildFile; fileRef = 848576762C1EB4B90000DC8D /* TodoIteam.swift */; };
		848576792C1EB4C30000DC8D /* AddTodoSheet.swift in Sources */ = {isa = PBXBuildFile; fileRef = 848576782C1EB4C30000DC8D /* AddTodoSheet.swift */; };
		849CC1382C1E7A2D003D9E4F /* pomodoroappApp.swift in Sources */ = {isa = PBXBuildFile; fileRef = 849CC1372C1E7A2D003D9E4F /* pomodoroappApp.swift */; };
		849CC13A2C1E7A2D003D9E4F /* ContentView.swift in Sources */ = {isa = PBXBuildFile; fileRef = 849CC1392C1E7A2D003D9E4F /* ContentView.swift */; };
		849CC13C2C1E7A2E003D9E4F /* Assets.xcassets in Resources */ = {isa = PBXBuildFile; fileRef = 849CC13B2C1E7A2E003D9E4F /* Assets.xcassets */; };
		849CC13F2C1E7A2E003D9E4F /* Preview Assets.xcassets in Resources */ = {isa = PBXBuildFile; fileRef = 849CC13E2C1E7A2E003D9E4F /* Preview Assets.xcassets */; };
		849CC1492C1E7A2F003D9E4F /* pomodoroappTests.swift in Sources */ = {isa = PBXBuildFile; fileRef = 849CC1482C1E7A2F003D9E4F /* pomodoroappTests.swift */; };
		849CC1532C1E7A2F003D9E4F /* pomodoroappUITests.swift in Sources */ = {isa = PBXBuildFile; fileRef = 849CC1522C1E7A2F003D9E4F /* pomodoroappUITests.swift */; };
		849CC1552C1E7A2F003D9E4F /* pomodoroappUITestsLaunchTests.swift in Sources */ = {isa = PBXBuildFile; fileRef = 849CC1542C1E7A2F003D9E4F /* pomodoroappUITestsLaunchTests.swift */; };
		849CC1622C1E7E38003D9E4F /* WorkTimerView.swift in Sources */ = {isa = PBXBuildFile; fileRef = 849CC1612C1E7E38003D9E4F /* WorkTimerView.swift */; };
		849CC1642C1E802F003D9E4F /* ViewModel.swift in Sources */ = {isa = PBXBuildFile; fileRef = 849CC1632C1E802F003D9E4F /* ViewModel.swift */; };
		849CC1662C1E86DD003D9E4F /* ShortTimerView.swift in Sources */ = {isa = PBXBuildFile; fileRef = 849CC1652C1E86DD003D9E4F /* ShortTimerView.swift */; };
		849CC1682C1E86FE003D9E4F /* LongTimerView.swift in Sources */ = {isa = PBXBuildFile; fileRef = 849CC1672C1E86FE003D9E4F /* LongTimerView.swift */; };
/* End PBXBuildFile section */

/* Begin PBXContainerItemProxy section */
		849CC1452C1E7A2F003D9E4F /* PBXContainerItemProxy */ = {
			isa = PBXContainerItemProxy;
			containerPortal = 849CC12C2C1E7A2D003D9E4F /* Project object */;
			proxyType = 1;
			remoteGlobalIDString = 849CC1332C1E7A2D003D9E4F;
			remoteInfo = pomodoroapp;
		};
		849CC14F2C1E7A2F003D9E4F /* PBXContainerItemProxy */ = {
			isa = PBXContainerItemProxy;
			containerPortal = 849CC12C2C1E7A2D003D9E4F /* Project object */;
			proxyType = 1;
			remoteGlobalIDString = 849CC1332C1E7A2D003D9E4F;
			remoteInfo = pomodoroapp;
		};
/* End PBXContainerItemProxy section */

/* Begin PBXFileReference section */
		848576702C1EB4190000DC8D /* ToDoView.swift */ = {isa = PBXFileReference; fileEncoding = 4; lastKnownFileType = sourcecode.swift; name = ToDoView.swift; path = ../../Todolist/App/App/ToDoView.swift; sourceTree = "<group>"; };
		848576742C1EB4A70000DC8D /* TodoRowItem.swift */ = {isa = PBXFileReference; fileEncoding = 4; lastKnownFileType = sourcecode.swift; name = TodoRowItem.swift; path = ../Todolist/App/TodoRowItem.swift; sourceTree = "<group>"; };
		848576762C1EB4B90000DC8D /* TodoIteam.swift */ = {isa = PBXFileReference; fileEncoding = 4; lastKnownFileType = sourcecode.swift; name = TodoIteam.swift; path = ../../../Todolist/App/App/TodoIteam.swift; sourceTree = "<group>"; };
		848576782C1EB4C30000DC8D /* AddTodoSheet.swift */ = {isa = PBXFileReference; fileEncoding = 4; lastKnownFileType = sourcecode.swift; name = AddTodoSheet.swift; path = ../../../Todolist/App/App/AddTodoSheet.swift; sourceTree = "<group>"; };
		849CC1342C1E7A2D003D9E4F /* RangsitTeam.app */ = {isa = PBXFileReference; explicitFileType = wrapper.application; includeInIndex = 0; path = RangsitTeam.app; sourceTree = BUILT_PRODUCTS_DIR; };
		849CC1372C1E7A2D003D9E4F /* pomodoroappApp.swift */ = {isa = PBXFileReference; lastKnownFileType = sourcecode.swift; path = pomodoroappApp.swift; sourceTree = "<group>"; };
		849CC1392C1E7A2D003D9E4F /* ContentView.swift */ = {isa = PBXFileReference; lastKnownFileType = sourcecode.swift; path = ContentView.swift; sourceTree = "<group>"; };
		849CC13B2C1E7A2E003D9E4F /* Assets.xcassets */ = {isa = PBXFileReference; lastKnownFileType = folder.assetcatalog; path = Assets.xcassets; sourceTree = "<group>"; };
		849CC13E2C1E7A2E003D9E4F /* Preview Assets.xcassets */ = {isa = PBXFileReference; lastKnownFileType = folder.assetcatalog; path = "Preview Assets.xcassets"; sourceTree = "<group>"; };
		849CC1442C1E7A2F003D9E4F /* RangsitTeamTests.xctest */ = {isa = PBXFileReference; explicitFileType = wrapper.cfbundle; includeInIndex = 0; path = RangsitTeamTests.xctest; sourceTree = BUILT_PRODUCTS_DIR; };
		849CC1482C1E7A2F003D9E4F /* pomodoroappTests.swift */ = {isa = PBXFileReference; lastKnownFileType = sourcecode.swift; path = pomodoroappTests.swift; sourceTree = "<group>"; };
		849CC14E2C1E7A2F003D9E4F /* RangsitTeamUITests.xctest */ = {isa = PBXFileReference; explicitFileType = wrapper.cfbundle; includeInIndex = 0; path = RangsitTeamUITests.xctest; sourceTree = BUILT_PRODUCTS_DIR; };
		849CC1522C1E7A2F003D9E4F /* pomodoroappUITests.swift */ = {isa = PBXFileReference; lastKnownFileType = sourcecode.swift; path = pomodoroappUITests.swift; sourceTree = "<group>"; };
		849CC1542C1E7A2F003D9E4F /* pomodoroappUITestsLaunchTests.swift */ = {isa = PBXFileReference; lastKnownFileType = sourcecode.swift; path = pomodoroappUITestsLaunchTests.swift; sourceTree = "<group>"; };
		849CC1612C1E7E38003D9E4F /* WorkTimerView.swift */ = {isa = PBXFileReference; lastKnownFileType = sourcecode.swift; path = WorkTimerView.swift; sourceTree = "<group>"; };
		849CC1632C1E802F003D9E4F /* ViewModel.swift */ = {isa = PBXFileReference; lastKnownFileType = sourcecode.swift; path = ViewModel.swift; sourceTree = "<group>"; };
		849CC1652C1E86DD003D9E4F /* ShortTimerView.swift */ = {isa = PBXFileReference; lastKnownFileType = sourcecode.swift; path = ShortTimerView.swift; sourceTree = "<group>"; };
		849CC1672C1E86FE003D9E4F /* LongTimerView.swift */ = {isa = PBXFileReference; lastKnownFileType = sourcecode.swift; path = LongTimerView.swift; sourceTree = "<group>"; };
/* End PBXFileReference section */

/* Begin PBXFrameworksBuildPhase section */
		849CC1312C1E7A2D003D9E4F /* Frameworks */ = {
			isa = PBXFrameworksBuildPhase;
			buildActionMask = 2147483647;
			files = (
			);
			runOnlyForDeploymentPostprocessing = 0;
		};
		849CC1412C1E7A2F003D9E4F /* Frameworks */ = {
			isa = PBXFrameworksBuildPhase;
			buildActionMask = 2147483647;
			files = (
			);
			runOnlyForDeploymentPostprocessing = 0;
		};
		849CC14B2C1E7A2F003D9E4F /* Frameworks */ = {
			isa = PBXFrameworksBuildPhase;
			buildActionMask = 2147483647;
			files = (
			);
			runOnlyForDeploymentPostprocessing = 0;
		};
/* End PBXFrameworksBuildPhase section */

/* Begin PBXGroup section */
		849CC12B2C1E7A2D003D9E4F = {
			isa = PBXGroup;
			children = (
				848576742C1EB4A70000DC8D /* TodoRowItem.swift */,
				849CC1362C1E7A2D003D9E4F /* pomodoroapp */,
				849CC1472C1E7A2F003D9E4F /* pomodoroappTests */,
				849CC1512C1E7A2F003D9E4F /* pomodoroappUITests */,
				849CC1352C1E7A2D003D9E4F /* Products */,
			);
			sourceTree = "<group>";
		};
		849CC1352C1E7A2D003D9E4F /* Products */ = {
			isa = PBXGroup;
			children = (
				849CC1342C1E7A2D003D9E4F /* RangsitTeam.app */,
				849CC1442C1E7A2F003D9E4F /* RangsitTeamTests.xctest */,
				849CC14E2C1E7A2F003D9E4F /* RangsitTeamUITests.xctest */,
			);
			name = Products;
			sourceTree = "<group>";
		};
		849CC1362C1E7A2D003D9E4F /* pomodoroapp */ = {
			isa = PBXGroup;
			children = (
				849CC1372C1E7A2D003D9E4F /* pomodoroappApp.swift */,
				849CC1392C1E7A2D003D9E4F /* ContentView.swift */,
				849CC1612C1E7E38003D9E4F /* WorkTimerView.swift */,
				849CC1652C1E86DD003D9E4F /* ShortTimerView.swift */,
				849CC1672C1E86FE003D9E4F /* LongTimerView.swift */,
				848576702C1EB4190000DC8D /* ToDoView.swift */,
				849CC1632C1E802F003D9E4F /* ViewModel.swift */,
				849CC13B2C1E7A2E003D9E4F /* Assets.xcassets */,
				849CC13D2C1E7A2E003D9E4F /* Preview Content */,
			);
			path = pomodoroapp;
			sourceTree = "<group>";
		};
		849CC13D2C1E7A2E003D9E4F /* Preview Content */ = {
			isa = PBXGroup;
			children = (
				848576762C1EB4B90000DC8D /* TodoIteam.swift */,
				848576782C1EB4C30000DC8D /* AddTodoSheet.swift */,
				849CC13E2C1E7A2E003D9E4F /* Preview Assets.xcassets */,
			);
			path = "Preview Content";
			sourceTree = "<group>";
		};
		849CC1472C1E7A2F003D9E4F /* pomodoroappTests */ = {
			isa = PBXGroup;
			children = (
				849CC1482C1E7A2F003D9E4F /* pomodoroappTests.swift */,
			);
			path = pomodoroappTests;
			sourceTree = "<group>";
		};
		849CC1512C1E7A2F003D9E4F /* pomodoroappUITests */ = {
			isa = PBXGroup;
			children = (
				849CC1522C1E7A2F003D9E4F /* pomodoroappUITests.swift */,
				849CC1542C1E7A2F003D9E4F /* pomodoroappUITestsLaunchTests.swift */,
			);
			path = pomodoroappUITests;
			sourceTree = "<group>";
		};
/* End PBXGroup section */

/* Begin PBXNativeTarget section */
		849CC1332C1E7A2D003D9E4F /* RangsitTeam */ = {
			isa = PBXNativeTarget;
			buildConfigurationList = 849CC1582C1E7A2F003D9E4F /* Build configuration list for PBXNativeTarget "RangsitTeam" */;
			buildPhases = (
				849CC1302C1E7A2D003D9E4F /* Sources */,
				849CC1312C1E7A2D003D9E4F /* Frameworks */,
				849CC1322C1E7A2D003D9E4F /* Resources */,
			);
			buildRules = (
			);
			dependencies = (
			);
			name = RangsitTeam;
			productName = pomodoroapp;
			productReference = 849CC1342C1E7A2D003D9E4F /* RangsitTeam.app */;
			productType = "com.apple.product-type.application";
		};
		849CC1432C1E7A2F003D9E4F /* RangsitTeamTests */ = {
			isa = PBXNativeTarget;
			buildConfigurationList = 849CC15B2C1E7A2F003D9E4F /* Build configuration list for PBXNativeTarget "RangsitTeamTests" */;
			buildPhases = (
				849CC1402C1E7A2F003D9E4F /* Sources */,
				849CC1412C1E7A2F003D9E4F /* Frameworks */,
				849CC1422C1E7A2F003D9E4F /* Resources */,
			);
			buildRules = (
			);
			dependencies = (
				849CC1462C1E7A2F003D9E4F /* PBXTargetDependency */,
			);
			name = RangsitTeamTests;
			productName = pomodoroappTests;
			productReference = 849CC1442C1E7A2F003D9E4F /* RangsitTeamTests.xctest */;
			productType = "com.apple.product-type.bundle.unit-test";
		};
		849CC14D2C1E7A2F003D9E4F /* RangsitTeamUITests */ = {
			isa = PBXNativeTarget;
			buildConfigurationList = 849CC15E2C1E7A2F003D9E4F /* Build configuration list for PBXNativeTarget "RangsitTeamUITests" */;
			buildPhases = (
				849CC14A2C1E7A2F003D9E4F /* Sources */,
				849CC14B2C1E7A2F003D9E4F /* Frameworks */,
				849CC14C2C1E7A2F003D9E4F /* Resources */,
			);
			buildRules = (
			);
			dependencies = (
				849CC1502C1E7A2F003D9E4F /* PBXTargetDependency */,
			);
			name = RangsitTeamUITests;
			productName = pomodoroappUITests;
			productReference = 849CC14E2C1E7A2F003D9E4F /* RangsitTeamUITests.xctest */;
			productType = "com.apple.product-type.bundle.ui-testing";
		};
/* End PBXNativeTarget section */

/* Begin PBXProject section */
		849CC12C2C1E7A2D003D9E4F /* Project object */ = {
			isa = PBXProject;
			attributes = {
				BuildIndependentTargetsInParallel = 1;
				LastSwiftUpdateCheck = 1540;
				LastUpgradeCheck = 1540;
				TargetAttributes = {
					849CC1332C1E7A2D003D9E4F = {
						CreatedOnToolsVersion = 15.4;
					};
					849CC1432C1E7A2F003D9E4F = {
						CreatedOnToolsVersion = 15.4;
						TestTargetID = 849CC1332C1E7A2D003D9E4F;
					};
					849CC14D2C1E7A2F003D9E4F = {
						CreatedOnToolsVersion = 15.4;
						TestTargetID = 849CC1332C1E7A2D003D9E4F;
					};
				};
			};
			buildConfigurationList = 849CC12F2C1E7A2D003D9E4F /* Build configuration list for PBXProject "RangsitTeam" */;
			compatibilityVersion = "Xcode 14.0";
			developmentRegion = en;
			hasScannedForEncodings = 0;
			knownRegions = (
				en,
				Base,
			);
			mainGroup = 849CC12B2C1E7A2D003D9E4F;
			productRefGroup = 849CC1352C1E7A2D003D9E4F /* Products */;
			projectDirPath = "";
			projectRoot = "";
			targets = (
				849CC1332C1E7A2D003D9E4F /* RangsitTeam */,
				849CC1432C1E7A2F003D9E4F /* RangsitTeamTests */,
				849CC14D2C1E7A2F003D9E4F /* RangsitTeamUITests */,
			);
		};
/* End PBXProject section */

/* Begin PBXResourcesBuildPhase section */
		849CC1322C1E7A2D003D9E4F /* Resources */ = {
			isa = PBXResourcesBuildPhase;
			buildActionMask = 2147483647;
			files = (
				849CC13F2C1E7A2E003D9E4F /* Preview Assets.xcassets in Resources */,
				849CC13C2C1E7A2E003D9E4F /* Assets.xcassets in Resources */,
			);
			runOnlyForDeploymentPostprocessing = 0;
		};
		849CC1422C1E7A2F003D9E4F /* Resources */ = {
			isa = PBXResourcesBuildPhase;
			buildActionMask = 2147483647;
			files = (
			);
			runOnlyForDeploymentPostprocessing = 0;
		};
		849CC14C2C1E7A2F003D9E4F /* Resources */ = {
			isa = PBXResourcesBuildPhase;
			buildActionMask = 2147483647;
			files = (
			);
			runOnlyForDeploymentPostprocessing = 0;
		};
/* End PBXResourcesBuildPhase section */

/* Begin PBXSourcesBuildPhase section */
		849CC1302C1E7A2D003D9E4F /* Sources */ = {
			isa = PBXSourcesBuildPhase;
			buildActionMask = 2147483647;
			files = (
				848576772C1EB4B90000DC8D /* TodoIteam.swift in Sources */,
				849CC13A2C1E7A2D003D9E4F /* ContentView.swift in Sources */,
				848576792C1EB4C30000DC8D /* AddTodoSheet.swift in Sources */,
				849CC1662C1E86DD003D9E4F /* ShortTimerView.swift in Sources */,
				848576752C1EB4A70000DC8D /* TodoRowItem.swift in Sources */,
				848576712C1EB4190000DC8D /* ToDoView.swift in Sources */,
				849CC1682C1E86FE003D9E4F /* LongTimerView.swift in Sources */,
				849CC1622C1E7E38003D9E4F /* WorkTimerView.swift in Sources */,
				849CC1642C1E802F003D9E4F /* ViewModel.swift in Sources */,
				849CC1382C1E7A2D003D9E4F /* pomodoroappApp.swift in Sources */,
			);
			runOnlyForDeploymentPostprocessing = 0;
		};
		849CC1402C1E7A2F003D9E4F /* Sources */ = {
			isa = PBXSourcesBuildPhase;
			buildActionMask = 2147483647;
			files = (
				849CC1492C1E7A2F003D9E4F /* pomodoroappTests.swift in Sources */,
			);
			runOnlyForDeploymentPostprocessing = 0;
		};
		849CC14A2C1E7A2F003D9E4F /* Sources */ = {
			isa = PBXSourcesBuildPhase;
			buildActionMask = 2147483647;
			files = (
				849CC1532C1E7A2F003D9E4F /* pomodoroappUITests.swift in Sources */,
				849CC1552C1E7A2F003D9E4F /* pomodoroappUITestsLaunchTests.swift in Sources */,
			);
			runOnlyForDeploymentPostprocessing = 0;
		};
/* End PBXSourcesBuildPhase section */

/* Begin PBXTargetDependency section */
		849CC1462C1E7A2F003D9E4F /* PBXTargetDependency */ = {
			isa = PBXTargetDependency;
			target = 849CC1332C1E7A2D003D9E4F /* RangsitTeam */;
			targetProxy = 849CC1452C1E7A2F003D9E4F /* PBXContainerItemProxy */;
		};
		849CC1502C1E7A2F003D9E4F /* PBXTargetDependency */ = {
			isa = PBXTargetDependency;
			target = 849CC1332C1E7A2D003D9E4F /* RangsitTeam */;
			targetProxy = 849CC14F2C1E7A2F003D9E4F /* PBXContainerItemProxy */;
		};
/* End PBXTargetDependency section */

/* Begin XCBuildConfiguration section */
		849CC1562C1E7A2F003D9E4F /* Debug */ = {
			isa = XCBuildConfiguration;
			buildSettings = {
				ALWAYS_SEARCH_USER_PATHS = NO;
				ASSETCATALOG_COMPILER_GENERATE_SWIFT_ASSET_SYMBOL_EXTENSIONS = YES;
				CLANG_ANALYZER_NONNULL = YES;
				CLANG_ANALYZER_NUMBER_OBJECT_CONVERSION = YES_AGGRESSIVE;
				CLANG_CXX_LANGUAGE_STANDARD = "gnu++20";
				CLANG_ENABLE_MODULES = YES;
				CLANG_ENABLE_OBJC_ARC = YES;
				CLANG_ENABLE_OBJC_WEAK = YES;
				CLANG_WARN_BLOCK_CAPTURE_AUTORELEASING = YES;
				CLANG_WARN_BOOL_CONVERSION = YES;
				CLANG_WARN_COMMA = YES;
				CLANG_WARN_CONSTANT_CONVERSION = YES;
				CLANG_WARN_DEPRECATED_OBJC_IMPLEMENTATIONS = YES;
				CLANG_WARN_DIRECT_OBJC_ISA_USAGE = YES_ERROR;
				CLANG_WARN_DOCUMENTATION_COMMENTS = YES;
				CLANG_WARN_EMPTY_BODY = YES;
				CLANG_WARN_ENUM_CONVERSION = YES;
				CLANG_WARN_INFINITE_RECURSION = YES;
				CLANG_WARN_INT_CONVERSION = YES;
				CLANG_WARN_NON_LITERAL_NULL_CONVERSION = YES;
				CLANG_WARN_OBJC_IMPLICIT_RETAIN_SELF = YES;
				CLANG_WARN_OBJC_LITERAL_CONVERSION = YES;
				CLANG_WARN_OBJC_ROOT_CLASS = YES_ERROR;
				CLANG_WARN_QUOTED_INCLUDE_IN_FRAMEWORK_HEADER = YES;
				CLANG_WARN_RANGE_LOOP_ANALYSIS = YES;
				CLANG_WARN_STRICT_PROTOTYPES = YES;
				CLANG_WARN_SUSPICIOUS_MOVE = YES;
				CLANG_WARN_UNGUARDED_AVAILABILITY = YES_AGGRESSIVE;
				CLANG_WARN_UNREACHABLE_CODE = YES;
				CLANG_WARN__DUPLICATE_METHOD_MATCH = YES;
				COPY_PHASE_STRIP = NO;
				DEBUG_INFORMATION_FORMAT = dwarf;
				ENABLE_STRICT_OBJC_MSGSEND = YES;
				ENABLE_TESTABILITY = YES;
				ENABLE_USER_SCRIPT_SANDBOXING = YES;
				GCC_C_LANGUAGE_STANDARD = gnu17;
				GCC_DYNAMIC_NO_PIC = NO;
				GCC_NO_COMMON_BLOCKS = YES;
				GCC_OPTIMIZATION_LEVEL = 0;
				GCC_PREPROCESSOR_DEFINITIONS = (
					"DEBUG=1",
					"$(inherited)",
				);
				GCC_WARN_64_TO_32_BIT_CONVERSION = YES;
				GCC_WARN_ABOUT_RETURN_TYPE = YES_ERROR;
				GCC_WARN_UNDECLARED_SELECTOR = YES;
				GCC_WARN_UNINITIALIZED_AUTOS = YES_AGGRESSIVE;
				GCC_WARN_UNUSED_FUNCTION = YES;
				GCC_WARN_UNUSED_VARIABLE = YES;
				IPHONEOS_DEPLOYMENT_TARGET = 17.5;
				LOCALIZATION_PREFERS_STRING_CATALOGS = YES;
				MTL_ENABLE_DEBUG_INFO = INCLUDE_SOURCE;
				MTL_FAST_MATH = YES;
				ONLY_ACTIVE_ARCH = YES;
				SDKROOT = iphoneos;
				SWIFT_ACTIVE_COMPILATION_CONDITIONS = "DEBUG $(inherited)";
				SWIFT_OPTIMIZATION_LEVEL = "-Onone";
			};
			name = Debug;
		};
		849CC1572C1E7A2F003D9E4F /* Release */ = {
			isa = XCBuildConfiguration;
			buildSettings = {
				ALWAYS_SEARCH_USER_PATHS = NO;
				ASSETCATALOG_COMPILER_GENERATE_SWIFT_ASSET_SYMBOL_EXTENSIONS = YES;
				CLANG_ANALYZER_NONNULL = YES;
				CLANG_ANALYZER_NUMBER_OBJECT_CONVERSION = YES_AGGRESSIVE;
				CLANG_CXX_LANGUAGE_STANDARD = "gnu++20";
				CLANG_ENABLE_MODULES = YES;
				CLANG_ENABLE_OBJC_ARC = YES;
				CLANG_ENABLE_OBJC_WEAK = YES;
				CLANG_WARN_BLOCK_CAPTURE_AUTORELEASING = YES;
				CLANG_WARN_BOOL_CONVERSION = YES;
				CLANG_WARN_COMMA = YES;
				CLANG_WARN_CONSTANT_CONVERSION = YES;
				CLANG_WARN_DEPRECATED_OBJC_IMPLEMENTATIONS = YES;
				CLANG_WARN_DIRECT_OBJC_ISA_USAGE = YES_ERROR;
				CLANG_WARN_DOCUMENTATION_COMMENTS = YES;
				CLANG_WARN_EMPTY_BODY = YES;
				CLANG_WARN_ENUM_CONVERSION = YES;
				CLANG_WARN_INFINITE_RECURSION = YES;
				CLANG_WARN_INT_CONVERSION = YES;
				CLANG_WARN_NON_LITERAL_NULL_CONVERSION = YES;
				CLANG_WARN_OBJC_IMPLICIT_RETAIN_SELF = YES;
				CLANG_WARN_OBJC_LITERAL_CONVERSION = YES;
				CLANG_WARN_OBJC_ROOT_CLASS = YES_ERROR;
				CLANG_WARN_QUOTED_INCLUDE_IN_FRAMEWORK_HEADER = YES;
				CLANG_WARN_RANGE_LOOP_ANALYSIS = YES;
				CLANG_WARN_STRICT_PROTOTYPES = YES;
				CLANG_WARN_SUSPICIOUS_MOVE = YES;
				CLANG_WARN_UNGUARDED_AVAILABILITY = YES_AGGRESSIVE;
				CLANG_WARN_UNREACHABLE_CODE = YES;
				CLANG_WARN__DUPLICATE_METHOD_MATCH = YES;
				COPY_PHASE_STRIP = NO;
				DEBUG_INFORMATION_FORMAT = "dwarf-with-dsym";
				ENABLE_NS_ASSERTIONS = NO;
				ENABLE_STRICT_OBJC_MSGSEND = YES;
				ENABLE_USER_SCRIPT_SANDBOXING = YES;
				GCC_C_LANGUAGE_STANDARD = gnu17;
				GCC_NO_COMMON_BLOCKS = YES;
				GCC_WARN_64_TO_32_BIT_CONVERSION = YES;
				GCC_WARN_ABOUT_RETURN_TYPE = YES_ERROR;
				GCC_WARN_UNDECLARED_SELECTOR = YES;
				GCC_WARN_UNINITIALIZED_AUTOS = YES_AGGRESSIVE;
				GCC_WARN_UNUSED_FUNCTION = YES;
				GCC_WARN_UNUSED_VARIABLE = YES;
				IPHONEOS_DEPLOYMENT_TARGET = 17.5;
				LOCALIZATION_PREFERS_STRING_CATALOGS = YES;
				MTL_ENABLE_DEBUG_INFO = NO;
				MTL_FAST_MATH = YES;
				SDKROOT = iphoneos;
				SWIFT_COMPILATION_MODE = wholemodule;
				VALIDATE_PRODUCT = YES;
			};
			name = Release;
		};
		849CC1592C1E7A2F003D9E4F /* Debug */ = {
			isa = XCBuildConfiguration;
			buildSettings = {
				ASSETCATALOG_COMPILER_APPICON_NAME = AppIcon;
				ASSETCATALOG_COMPILER_GLOBAL_ACCENT_COLOR_NAME = AccentColor;
				CODE_SIGN_STYLE = Automatic;
				CURRENT_PROJECT_VERSION = 1;
				DEVELOPMENT_ASSET_PATHS = "\"pomodoroapp/Preview Content\"";
				ENABLE_PREVIEWS = YES;
				GENERATE_INFOPLIST_FILE = YES;
				INFOPLIST_KEY_UIApplicationSceneManifest_Generation = YES;
				INFOPLIST_KEY_UIApplicationSupportsIndirectInputEvents = YES;
				INFOPLIST_KEY_UILaunchScreen_Generation = YES;
				INFOPLIST_KEY_UISupportedInterfaceOrientations_iPad = "UIInterfaceOrientationPortrait UIInterfaceOrientationPortraitUpsideDown UIInterfaceOrientationLandscapeLeft UIInterfaceOrientationLandscapeRight";
				INFOPLIST_KEY_UISupportedInterfaceOrientations_iPhone = "UIInterfaceOrientationPortrait UIInterfaceOrientationLandscapeLeft UIInterfaceOrientationLandscapeRight";
				LD_RUNPATH_SEARCH_PATHS = (
					"$(inherited)",
					"@executable_path/Frameworks",
				);
				MARKETING_VERSION = 1.0;
				PRODUCT_BUNDLE_IDENTIFIER = RangsitTeam.pomodoroapp;
				PRODUCT_NAME = "$(TARGET_NAME)";
				SWIFT_EMIT_LOC_STRINGS = YES;
				SWIFT_VERSION = 5.0;
				TARGETED_DEVICE_FAMILY = "1,2";
			};
			name = Debug;
		};
		849CC15A2C1E7A2F003D9E4F /* Release */ = {
			isa = XCBuildConfiguration;
			buildSettings = {
				ASSETCATALOG_COMPILER_APPICON_NAME = AppIcon;
				ASSETCATALOG_COMPILER_GLOBAL_ACCENT_COLOR_NAME = AccentColor;
				CODE_SIGN_STYLE = Automatic;
				CURRENT_PROJECT_VERSION = 1;
				DEVELOPMENT_ASSET_PATHS = "\"pomodoroapp/Preview Content\"";
				ENABLE_PREVIEWS = YES;
				GENERATE_INFOPLIST_FILE = YES;
				INFOPLIST_KEY_UIApplicationSceneManifest_Generation = YES;
				INFOPLIST_KEY_UIApplicationSupportsIndirectInputEvents = YES;
				INFOPLIST_KEY_UILaunchScreen_Generation = YES;
				INFOPLIST_KEY_UISupportedInterfaceOrientations_iPad = "UIInterfaceOrientationPortrait UIInterfaceOrientationPortraitUpsideDown UIInterfaceOrientationLandscapeLeft UIInterfaceOrientationLandscapeRight";
				INFOPLIST_KEY_UISupportedInterfaceOrientations_iPhone = "UIInterfaceOrientationPortrait UIInterfaceOrientationLandscapeLeft UIInterfaceOrientationLandscapeRight";
				LD_RUNPATH_SEARCH_PATHS = (
					"$(inherited)",
					"@executable_path/Frameworks",
				);
				MARKETING_VERSION = 1.0;
				PRODUCT_BUNDLE_IDENTIFIER = RangsitTeam.pomodoroapp;
				PRODUCT_NAME = "$(TARGET_NAME)";
				SWIFT_EMIT_LOC_STRINGS = YES;
				SWIFT_VERSION = 5.0;
				TARGETED_DEVICE_FAMILY = "1,2";
			};
			name = Release;
		};
		849CC15C2C1E7A2F003D9E4F /* Debug */ = {
			isa = XCBuildConfiguration;
			buildSettings = {
				ALWAYS_EMBED_SWIFT_STANDARD_LIBRARIES = YES;
				BUNDLE_LOADER = "$(TEST_HOST)";
				CODE_SIGN_STYLE = Automatic;
				CURRENT_PROJECT_VERSION = 1;
				GENERATE_INFOPLIST_FILE = YES;
				IPHONEOS_DEPLOYMENT_TARGET = 17.5;
				MARKETING_VERSION = 1.0;
				PRODUCT_BUNDLE_IDENTIFIER = RangsitTeam.pomodoroappTests;
				PRODUCT_NAME = "$(TARGET_NAME)";
				SWIFT_EMIT_LOC_STRINGS = NO;
				SWIFT_VERSION = 5.0;
				TARGETED_DEVICE_FAMILY = "1,2";
				TEST_HOST = "$(BUILT_PRODUCTS_DIR)/RangsitTeam.app/$(BUNDLE_EXECUTABLE_FOLDER_PATH)/RangsitTeam";
			};
			name = Debug;
		};
		849CC15D2C1E7A2F003D9E4F /* Release */ = {
			isa = XCBuildConfiguration;
			buildSettings = {
				ALWAYS_EMBED_SWIFT_STANDARD_LIBRARIES = YES;
				BUNDLE_LOADER = "$(TEST_HOST)";
				CODE_SIGN_STYLE = Automatic;
				CURRENT_PROJECT_VERSION = 1;
				GENERATE_INFOPLIST_FILE = YES;
				IPHONEOS_DEPLOYMENT_TARGET = 17.5;
				MARKETING_VERSION = 1.0;
				PRODUCT_BUNDLE_IDENTIFIER = RangsitTeam.pomodoroappTests;
				PRODUCT_NAME = "$(TARGET_NAME)";
				SWIFT_EMIT_LOC_STRINGS = NO;
				SWIFT_VERSION = 5.0;
				TARGETED_DEVICE_FAMILY = "1,2";
				TEST_HOST = "$(BUILT_PRODUCTS_DIR)/RangsitTeam.app/$(BUNDLE_EXECUTABLE_FOLDER_PATH)/RangsitTeam";
			};
			name = Release;
		};
		849CC15F2C1E7A2F003D9E4F /* Debug */ = {
			isa = XCBuildConfiguration;
			buildSettings = {
				ALWAYS_EMBED_SWIFT_STANDARD_LIBRARIES = YES;
				CODE_SIGN_STYLE = Automatic;
				CURRENT_PROJECT_VERSION = 1;
				GENERATE_INFOPLIST_FILE = YES;
				MARKETING_VERSION = 1.0;
				PRODUCT_BUNDLE_IDENTIFIER = RangsitTeam.pomodoroappUITests;
				PRODUCT_NAME = "$(TARGET_NAME)";
				SWIFT_EMIT_LOC_STRINGS = NO;
				SWIFT_VERSION = 5.0;
				TARGETED_DEVICE_FAMILY = "1,2";
				TEST_TARGET_NAME = pomodoroapp;
			};
			name = Debug;
		};
		849CC1602C1E7A2F003D9E4F /* Release */ = {
			isa = XCBuildConfiguration;
			buildSettings = {
				ALWAYS_EMBED_SWIFT_STANDARD_LIBRARIES = YES;
				CODE_SIGN_STYLE = Automatic;
				CURRENT_PROJECT_VERSION = 1;
				GENERATE_INFOPLIST_FILE = YES;
				MARKETING_VERSION = 1.0;
				PRODUCT_BUNDLE_IDENTIFIER = RangsitTeam.pomodoroappUITests;
				PRODUCT_NAME = "$(TARGET_NAME)";
				SWIFT_EMIT_LOC_STRINGS = NO;
				SWIFT_VERSION = 5.0;
				TARGETED_DEVICE_FAMILY = "1,2";
				TEST_TARGET_NAME = pomodoroapp;
			};
			name = Release;
		};
/* End XCBuildConfiguration section */

/* Begin XCConfigurationList section */
		849CC12F2C1E7A2D003D9E4F /* Build configuration list for PBXProject "RangsitTeam" */ = {
			isa = XCConfigurationList;
			buildConfigurations = (
				849CC1562C1E7A2F003D9E4F /* Debug */,
				849CC1572C1E7A2F003D9E4F /* Release */,
			);
			defaultConfigurationIsVisible = 0;
			defaultConfigurationName = Release;
		};
		849CC1582C1E7A2F003D9E4F /* Build configuration list for PBXNativeTarget "RangsitTeam" */ = {
			isa = XCConfigurationList;
			buildConfigurations = (
				849CC1592C1E7A2F003D9E4F /* Debug */,
				849CC15A2C1E7A2F003D9E4F /* Release */,
			);
			defaultConfigurationIsVisible = 0;
			defaultConfigurationName = Release;
		};
		849CC15B2C1E7A2F003D9E4F /* Build configuration list for PBXNativeTarget "RangsitTeamTests" */ = {
			isa = XCConfigurationList;
			buildConfigurations = (
				849CC15C2C1E7A2F003D9E4F /* Debug */,
				849CC15D2C1E7A2F003D9E4F /* Release */,
			);
			defaultConfigurationIsVisible = 0;
			defaultConfigurationName = Release;
		};
		849CC15E2C1E7A2F003D9E4F /* Build configuration list for PBXNativeTarget "RangsitTeamUITests" */ = {
			isa = XCConfigurationList;
			buildConfigurations = (
				849CC15F2C1E7A2F003D9E4F /* Debug */,
				849CC1602C1E7A2F003D9E4F /* Release */,
			);
			defaultConfigurationIsVisible = 0;
			defaultConfigurationName = Release;
		};
/* End XCConfigurationList section */
	};
	rootObject = 849CC12C2C1E7A2D003D9E4F /* Project object */;
}
